
Microsoft Visual Studio Solution File, Format Version 12.00
# Visual Studio Version 17
VisualStudioVersion = 17.7.34031.279
MinimumVisualStudioVersion = 10.0.40219.1
Project("{9A19103F-16F7-4668-BE54-9A1E7A4F7556}") = "Savanna.ConsoleDisplay", "Savanna.ConsoleApp\Savanna.ConsoleDisplay.csproj", "{6CE5EEE2-E463-48D7-A09B-6A6D3A5AF594}"
EndProject
Project("{9A19103F-16F7-4668-BE54-9A1E7A4F7556}") = "Savanna.SharedEntities", "Savanna.Data\Savanna.SharedEntities.csproj", "{F332F79D-6925-4E6F-9AD5-A57A1F5AB10F}"
EndProject
Project("{9A19103F-16F7-4668-BE54-9A1E7A4F7556}") = "Savanna.Tests", "Savanna.Tests\Savanna.Tests.csproj", "{7825CE59-7DDE-48A1-BBED-50538261E6CB}"
EndProject
Project("{9A19103F-16F7-4668-BE54-9A1E7A4F7556}") = "Savanna.GameLogic", "Savanna.GameLogic\Savanna.GameLogic.csproj", "{ABA93FD9-A20E-4D1B-A6DB-FB54EFFEE359}"
EndProject
Project("{9A19103F-16F7-4668-BE54-9A1E7A4F7556}") = "Savanna.Plugins", "Savanna.Plugins\Savanna.Plugins.csproj", "{9E0FCF9A-C7C0-43A3-ABDF-60D1C37ADCB9}"
EndProject
Global
	GlobalSection(SolutionConfigurationPlatforms) = preSolution
		Debug|Any CPU = Debug|Any CPU
		Release|Any CPU = Release|Any CPU
	EndGlobalSection
	GlobalSection(ProjectConfigurationPlatforms) = postSolution
		{6CE5EEE2-E463-48D7-A09B-6A6D3A5AF594}.Debug|Any CPU.ActiveCfg = Debug|Any CPU
		{6CE5EEE2-E463-48D7-A09B-6A6D3A5AF594}.Debug|Any CPU.Build.0 = Debug|Any CPU
		{6CE5EEE2-E463-48D7-A09B-6A6D3A5AF594}.Release|Any CPU.ActiveCfg = Release|Any CPU
		{6CE5EEE2-E463-48D7-A09B-6A6D3A5AF594}.Release|Any CPU.Build.0 = Release|Any CPU
		{F332F79D-6925-4E6F-9AD5-A57A1F5AB10F}.Debug|Any CPU.ActiveCfg = Debug|Any CPU
		{F332F79D-6925-4E6F-9AD5-A57A1F5AB10F}.Debug|Any CPU.Build.0 = Debug|Any CPU
		{F332F79D-6925-4E6F-9AD5-A57A1F5AB10F}.Release|Any CPU.ActiveCfg = Release|Any CPU
		{F332F79D-6925-4E6F-9AD5-A57A1F5AB10F}.Release|Any CPU.Build.0 = Release|Any CPU
		{7825CE59-7DDE-48A1-BBED-50538261E6CB}.Debug|Any CPU.ActiveCfg = Debug|Any CPU
		{7825CE59-7DDE-48A1-BBED-50538261E6CB}.Debug|Any CPU.Build.0 = Debug|Any CPU
		{7825CE59-7DDE-48A1-BBED-50538261E6CB}.Release|Any CPU.ActiveCfg = Release|Any CPU
		{7825CE59-7DDE-48A1-BBED-50538261E6CB}.Release|Any CPU.Build.0 = Release|Any CPU
		{ABA93FD9-A20E-4D1B-A6DB-FB54EFFEE359}.Debug|Any CPU.ActiveCfg = Debug|Any CPU
		{ABA93FD9-A20E-4D1B-A6DB-FB54EFFEE359}.Debug|Any CPU.Build.0 = Debug|Any CPU
		{ABA93FD9-A20E-4D1B-A6DB-FB54EFFEE359}.Release|Any CPU.ActiveCfg = Release|Any CPU
		{ABA93FD9-A20E-4D1B-A6DB-FB54EFFEE359}.Release|Any CPU.Build.0 = Release|Any CPU
		{9E0FCF9A-C7C0-43A3-ABDF-60D1C37ADCB9}.Debug|Any CPU.ActiveCfg = Debug|Any CPU
		{9E0FCF9A-C7C0-43A3-ABDF-60D1C37ADCB9}.Debug|Any CPU.Build.0 = Debug|Any CPU
		{9E0FCF9A-C7C0-43A3-ABDF-60D1C37ADCB9}.Release|Any CPU.ActiveCfg = Release|Any CPU
		{9E0FCF9A-C7C0-43A3-ABDF-60D1C37ADCB9}.Release|Any CPU.Build.0 = Release|Any CPU
	EndGlobalSection
	GlobalSection(SolutionProperties) = preSolution
		HideSolutionNode = FALSE
	EndGlobalSection
	GlobalSection(ExtensibilityGlobals) = postSolution
		SolutionGuid = {1555BE62-4D48-4838-8C9E-34FD6C66AA12}
	EndGlobalSection
EndGlobal
